
Microsoft Visual Studio Solution File, Format Version 12.00
# Visual Studio 2013
VisualStudioVersion = 12.0.31101.0
MinimumVisualStudioVersion = 10.0.40219.1
Project("{2150E333-8FDC-42A3-9474-1A3956D46DE8}") = ".nuget", ".nuget", "{7C5BE79E-79AC-47DF-97CA-12AFCDF79635}"
	ProjectSection(SolutionItems) = preProject
		.nuget\NuGet.Config = .nuget\NuGet.Config
		.nuget\NuGet.exe = .nuget\NuGet.exe
		.nuget\NuGet.targets = .nuget\NuGet.targets
	EndProjectSection
EndProject
Project("{FAE04EC0-301F-11D3-BF4B-00C04F79EFBC}") = "Westwind.Globalization.Test", "Westwind.Globalization.Test\Westwind.Globalization.Test.csproj", "{E0DB861F-F563-4016-830A-7710F41E2091}"
EndProject
Project("{2150E333-8FDC-42A3-9474-1A3956D46DE8}") = "Documents", "Documents", "{7FC6C7F0-A67A-41EC-A2B1-43CF095726D4}"
	ProjectSection(SolutionItems) = preProject
		ChangeLog.md = ChangeLog.md
		Readme.md = Readme.md
	EndProjectSection
EndProject
Project("{FAE04EC0-301F-11D3-BF4B-00C04F79EFBC}") = "Westwind.Globalization", "Westwind.Globalization\Westwind.Globalization.csproj", "{51DECE39-764C-4C32-A57A-D93A5FD9BD6A}"
EndProject
Project("{FAE04EC0-301F-11D3-BF4B-00C04F79EFBC}") = "Westwind.Globalization.MySql", "Westwind.Globalization.MySql\Westwind.Globalization.MySql.csproj", "{9D405441-66D4-45D0-8832-9E17587BA921}"
EndProject
Project("{FAE04EC0-301F-11D3-BF4B-00C04F79EFBC}") = "Westwind.Globalization.Web", "Westwind.Globalization.Web\Westwind.Globalization.Web.csproj", "{D827F9A2-12E0-436C-B986-8589ED643481}"
EndProject
Project("{2150E333-8FDC-42A3-9474-1A3956D46DE8}") = "Sample and Tests", "Sample and Tests", "{0BA85EAE-8A25-4B4A-8ACF-553D14C3BAE1}"
EndProject
Project("{2150E333-8FDC-42A3-9474-1A3956D46DE8}") = "DataProviders", "DataProviders", "{1876876D-3CC7-4048-AFA9-AD93D48308F2}"
EndProject
Project("{FAE04EC0-301F-11D3-BF4B-00C04F79EFBC}") = "Westwind.Globalization.SqlServerCe", "Westwind.Globalization.SqlServerCe\Westwind.Globalization.SqlServerCe.csproj", "{1324112A-7929-4246-ABCC-DFE51F755681}"
EndProject
Project("{FAE04EC0-301F-11D3-BF4B-00C04F79EFBC}") = "Westwind.Globalization.SqLite", "Westwind.Globalization.SqLite\Westwind.Globalization.SqLite.csproj", "{4C74DAE9-4F4D-4D94-B3CA-783ACEF494F2}"
EndProject
Project("{FAE04EC0-301F-11D3-BF4B-00C04F79EFBC}") = "Westwind.Utilities", "..\..\WestwindToolkit\Westwind.Utilities\Westwind.Utilities.csproj", "{1C9829A8-8979-4493-863C-635726F8A61C}"
EndProject
Project("{FAE04EC0-301F-11D3-BF4B-00C04F79EFBC}") = "Westwind.Web", "..\..\WestwindToolkit\Westwind.Web\Westwind.Web.csproj", "{0C38B4E1-0C87-4289-A57B-87C1B5BE3BBE}"
EndProject
Project("{FAE04EC0-301F-11D3-BF4B-00C04F79EFBC}") = "Westwind.Globalization.Sample", "Westwind.Globalization.Sample\Westwind.Globalization.Sample.csproj", "{1E36A3C9-2F87-407A-B568-EBF336061A06}"
EndProject
Global
	GlobalSection(SolutionConfigurationPlatforms) = preSolution
		Debug|Any CPU = Debug|Any CPU
		DemoMode|Any CPU = DemoMode|Any CPU
		Deploy|Any CPU = Deploy|Any CPU
		net40|Any CPU = net40|Any CPU
		Release|Any CPU = Release|Any CPU
		SandBox|Any CPU = SandBox|Any CPU
	EndGlobalSection
	GlobalSection(ProjectConfigurationPlatforms) = postSolution
		{E0DB861F-F563-4016-830A-7710F41E2091}.Debug|Any CPU.ActiveCfg = Debug|Any CPU
		{E0DB861F-F563-4016-830A-7710F41E2091}.Debug|Any CPU.Build.0 = Debug|Any CPU
		{E0DB861F-F563-4016-830A-7710F41E2091}.DemoMode|Any CPU.ActiveCfg = Debug|Any CPU
		{E0DB861F-F563-4016-830A-7710F41E2091}.DemoMode|Any CPU.Build.0 = Debug|Any CPU
		{E0DB861F-F563-4016-830A-7710F41E2091}.Deploy|Any CPU.ActiveCfg = Debug|Any CPU
		{E0DB861F-F563-4016-830A-7710F41E2091}.Deploy|Any CPU.Build.0 = Debug|Any CPU
		{E0DB861F-F563-4016-830A-7710F41E2091}.net40|Any CPU.ActiveCfg = Release|Any CPU
		{E0DB861F-F563-4016-830A-7710F41E2091}.net40|Any CPU.Build.0 = Release|Any CPU
		{E0DB861F-F563-4016-830A-7710F41E2091}.Release|Any CPU.ActiveCfg = Release|Any CPU
		{E0DB861F-F563-4016-830A-7710F41E2091}.Release|Any CPU.Build.0 = Release|Any CPU
		{E0DB861F-F563-4016-830A-7710F41E2091}.SandBox|Any CPU.ActiveCfg = Release|Any CPU
		{E0DB861F-F563-4016-830A-7710F41E2091}.SandBox|Any CPU.Build.0 = Release|Any CPU
		{51DECE39-764C-4C32-A57A-D93A5FD9BD6A}.Debug|Any CPU.ActiveCfg = Debug|Any CPU
		{51DECE39-764C-4C32-A57A-D93A5FD9BD6A}.Debug|Any CPU.Build.0 = Debug|Any CPU
		{51DECE39-764C-4C32-A57A-D93A5FD9BD6A}.DemoMode|Any CPU.ActiveCfg = DemoMode|Any CPU
		{51DECE39-764C-4C32-A57A-D93A5FD9BD6A}.DemoMode|Any CPU.Build.0 = DemoMode|Any CPU
		{51DECE39-764C-4C32-A57A-D93A5FD9BD6A}.Deploy|Any CPU.ActiveCfg = DemoMode|Any CPU
		{51DECE39-764C-4C32-A57A-D93A5FD9BD6A}.Deploy|Any CPU.Build.0 = DemoMode|Any CPU
		{51DECE39-764C-4C32-A57A-D93A5FD9BD6A}.net40|Any CPU.ActiveCfg = Release|Any CPU
		{51DECE39-764C-4C32-A57A-D93A5FD9BD6A}.net40|Any CPU.Build.0 = Release|Any CPU
		{51DECE39-764C-4C32-A57A-D93A5FD9BD6A}.Release|Any CPU.ActiveCfg = Release|Any CPU
		{51DECE39-764C-4C32-A57A-D93A5FD9BD6A}.Release|Any CPU.Build.0 = Release|Any CPU
		{51DECE39-764C-4C32-A57A-D93A5FD9BD6A}.SandBox|Any CPU.ActiveCfg = Release|Any CPU
		{51DECE39-764C-4C32-A57A-D93A5FD9BD6A}.SandBox|Any CPU.Build.0 = Release|Any CPU
		{9D405441-66D4-45D0-8832-9E17587BA921}.Debug|Any CPU.ActiveCfg = Debug|Any CPU
		{9D405441-66D4-45D0-8832-9E17587BA921}.Debug|Any CPU.Build.0 = Debug|Any CPU
		{9D405441-66D4-45D0-8832-9E17587BA921}.DemoMode|Any CPU.ActiveCfg = Debug|Any CPU
		{9D405441-66D4-45D0-8832-9E17587BA921}.DemoMode|Any CPU.Build.0 = Debug|Any CPU
		{9D405441-66D4-45D0-8832-9E17587BA921}.Deploy|Any CPU.ActiveCfg = Debug|Any CPU
		{9D405441-66D4-45D0-8832-9E17587BA921}.Deploy|Any CPU.Build.0 = Debug|Any CPU
		{9D405441-66D4-45D0-8832-9E17587BA921}.net40|Any CPU.ActiveCfg = Release|Any CPU
		{9D405441-66D4-45D0-8832-9E17587BA921}.net40|Any CPU.Build.0 = Release|Any CPU
		{9D405441-66D4-45D0-8832-9E17587BA921}.Release|Any CPU.ActiveCfg = Release|Any CPU
		{9D405441-66D4-45D0-8832-9E17587BA921}.Release|Any CPU.Build.0 = Release|Any CPU
		{9D405441-66D4-45D0-8832-9E17587BA921}.SandBox|Any CPU.ActiveCfg = Release|Any CPU
		{9D405441-66D4-45D0-8832-9E17587BA921}.SandBox|Any CPU.Build.0 = Release|Any CPU
		{D827F9A2-12E0-436C-B986-8589ED643481}.Debug|Any CPU.ActiveCfg = Debug|Any CPU
		{D827F9A2-12E0-436C-B986-8589ED643481}.Debug|Any CPU.Build.0 = Debug|Any CPU
		{D827F9A2-12E0-436C-B986-8589ED643481}.DemoMode|Any CPU.ActiveCfg = Debug|Any CPU
		{D827F9A2-12E0-436C-B986-8589ED643481}.DemoMode|Any CPU.Build.0 = Debug|Any CPU
		{D827F9A2-12E0-436C-B986-8589ED643481}.Deploy|Any CPU.ActiveCfg = Debug|Any CPU
		{D827F9A2-12E0-436C-B986-8589ED643481}.Deploy|Any CPU.Build.0 = Debug|Any CPU
		{D827F9A2-12E0-436C-B986-8589ED643481}.net40|Any CPU.ActiveCfg = Release|Any CPU
		{D827F9A2-12E0-436C-B986-8589ED643481}.net40|Any CPU.Build.0 = Release|Any CPU
		{D827F9A2-12E0-436C-B986-8589ED643481}.Release|Any CPU.ActiveCfg = Release|Any CPU
		{D827F9A2-12E0-436C-B986-8589ED643481}.Release|Any CPU.Build.0 = Release|Any CPU
		{D827F9A2-12E0-436C-B986-8589ED643481}.SandBox|Any CPU.ActiveCfg = Release|Any CPU
		{D827F9A2-12E0-436C-B986-8589ED643481}.SandBox|Any CPU.Build.0 = Release|Any CPU
		{1324112A-7929-4246-ABCC-DFE51F755681}.Debug|Any CPU.ActiveCfg = Debug|Any CPU
		{1324112A-7929-4246-ABCC-DFE51F755681}.Debug|Any CPU.Build.0 = Debug|Any CPU
		{1324112A-7929-4246-ABCC-DFE51F755681}.DemoMode|Any CPU.ActiveCfg = Debug|Any CPU
		{1324112A-7929-4246-ABCC-DFE51F755681}.DemoMode|Any CPU.Build.0 = Debug|Any CPU
		{1324112A-7929-4246-ABCC-DFE51F755681}.Deploy|Any CPU.ActiveCfg = Debug|Any CPU
		{1324112A-7929-4246-ABCC-DFE51F755681}.Deploy|Any CPU.Build.0 = Debug|Any CPU
		{1324112A-7929-4246-ABCC-DFE51F755681}.net40|Any CPU.ActiveCfg = Release|Any CPU
		{1324112A-7929-4246-ABCC-DFE51F755681}.net40|Any CPU.Build.0 = Release|Any CPU
		{1324112A-7929-4246-ABCC-DFE51F755681}.Release|Any CPU.ActiveCfg = Release|Any CPU
		{1324112A-7929-4246-ABCC-DFE51F755681}.Release|Any CPU.Build.0 = Release|Any CPU
		{1324112A-7929-4246-ABCC-DFE51F755681}.SandBox|Any CPU.ActiveCfg = Release|Any CPU
		{1324112A-7929-4246-ABCC-DFE51F755681}.SandBox|Any CPU.Build.0 = Release|Any CPU
		{4C74DAE9-4F4D-4D94-B3CA-783ACEF494F2}.Debug|Any CPU.ActiveCfg = Debug|Any CPU
		{4C74DAE9-4F4D-4D94-B3CA-783ACEF494F2}.Debug|Any CPU.Build.0 = Debug|Any CPU
		{4C74DAE9-4F4D-4D94-B3CA-783ACEF494F2}.DemoMode|Any CPU.ActiveCfg = Debug|Any CPU
		{4C74DAE9-4F4D-4D94-B3CA-783ACEF494F2}.DemoMode|Any CPU.Build.0 = Debug|Any CPU
		{4C74DAE9-4F4D-4D94-B3CA-783ACEF494F2}.Deploy|Any CPU.ActiveCfg = Debug|Any CPU
		{4C74DAE9-4F4D-4D94-B3CA-783ACEF494F2}.Deploy|Any CPU.Build.0 = Debug|Any CPU
		{4C74DAE9-4F4D-4D94-B3CA-783ACEF494F2}.net40|Any CPU.ActiveCfg = Release|Any CPU
		{4C74DAE9-4F4D-4D94-B3CA-783ACEF494F2}.net40|Any CPU.Build.0 = Release|Any CPU
		{4C74DAE9-4F4D-4D94-B3CA-783ACEF494F2}.Release|Any CPU.ActiveCfg = Release|Any CPU
		{4C74DAE9-4F4D-4D94-B3CA-783ACEF494F2}.Release|Any CPU.Build.0 = Release|Any CPU
		{4C74DAE9-4F4D-4D94-B3CA-783ACEF494F2}.SandBox|Any CPU.ActiveCfg = Release|Any CPU
		{4C74DAE9-4F4D-4D94-B3CA-783ACEF494F2}.SandBox|Any CPU.Build.0 = Release|Any CPU
		{1C9829A8-8979-4493-863C-635726F8A61C}.Debug|Any CPU.ActiveCfg = Debug|Any CPU
		{1C9829A8-8979-4493-863C-635726F8A61C}.Debug|Any CPU.Build.0 = Debug|Any CPU
		{1C9829A8-8979-4493-863C-635726F8A61C}.DemoMode|Any CPU.ActiveCfg = Deploy|Any CPU
		{1C9829A8-8979-4493-863C-635726F8A61C}.DemoMode|Any CPU.Build.0 = Deploy|Any CPU
		{1C9829A8-8979-4493-863C-635726F8A61C}.Deploy|Any CPU.ActiveCfg = Deploy|Any CPU
		{1C9829A8-8979-4493-863C-635726F8A61C}.Deploy|Any CPU.Build.0 = Deploy|Any CPU
		{1C9829A8-8979-4493-863C-635726F8A61C}.net40|Any CPU.ActiveCfg = net40|Any CPU
		{1C9829A8-8979-4493-863C-635726F8A61C}.net40|Any CPU.Build.0 = net40|Any CPU
		{1C9829A8-8979-4493-863C-635726F8A61C}.Release|Any CPU.ActiveCfg = Release|Any CPU
		{1C9829A8-8979-4493-863C-635726F8A61C}.Release|Any CPU.Build.0 = Release|Any CPU
		{1C9829A8-8979-4493-863C-635726F8A61C}.SandBox|Any CPU.ActiveCfg = SandBox|Any CPU
		{1C9829A8-8979-4493-863C-635726F8A61C}.SandBox|Any CPU.Build.0 = SandBox|Any CPU
		{0C38B4E1-0C87-4289-A57B-87C1B5BE3BBE}.Debug|Any CPU.ActiveCfg = Debug|Any CPU
		{0C38B4E1-0C87-4289-A57B-87C1B5BE3BBE}.Debug|Any CPU.Build.0 = Debug|Any CPU
		{0C38B4E1-0C87-4289-A57B-87C1B5BE3BBE}.DemoMode|Any CPU.ActiveCfg = Deploy|Any CPU
		{0C38B4E1-0C87-4289-A57B-87C1B5BE3BBE}.DemoMode|Any CPU.Build.0 = Deploy|Any CPU
		{0C38B4E1-0C87-4289-A57B-87C1B5BE3BBE}.Deploy|Any CPU.ActiveCfg = Deploy|Any CPU
		{0C38B4E1-0C87-4289-A57B-87C1B5BE3BBE}.Deploy|Any CPU.Build.0 = Deploy|Any CPU
		{0C38B4E1-0C87-4289-A57B-87C1B5BE3BBE}.net40|Any CPU.ActiveCfg = net40|Any CPU
		{0C38B4E1-0C87-4289-A57B-87C1B5BE3BBE}.net40|Any CPU.Build.0 = net40|Any CPU
		{0C38B4E1-0C87-4289-A57B-87C1B5BE3BBE}.Release|Any CPU.ActiveCfg = Release|Any CPU
		{0C38B4E1-0C87-4289-A57B-87C1B5BE3BBE}.Release|Any CPU.Build.0 = Release|Any CPU
		{0C38B4E1-0C87-4289-A57B-87C1B5BE3BBE}.SandBox|Any CPU.ActiveCfg = SandBox|Any CPU
		{0C38B4E1-0C87-4289-A57B-87C1B5BE3BBE}.SandBox|Any CPU.Build.0 = SandBox|Any CPU
		{1E36A3C9-2F87-407A-B568-EBF336061A06}.Debug|Any CPU.ActiveCfg = Debug|Any CPU
		{1E36A3C9-2F87-407A-B568-EBF336061A06}.Debug|Any CPU.Build.0 = Debug|Any CPU
		{1E36A3C9-2F87-407A-B568-EBF336061A06}.DemoMode|Any CPU.ActiveCfg = Debug|Any CPU
		{1E36A3C9-2F87-407A-B568-EBF336061A06}.DemoMode|Any CPU.Build.0 = Debug|Any CPU
		{1E36A3C9-2F87-407A-B568-EBF336061A06}.Deploy|Any CPU.ActiveCfg = Debug|Any CPU
		{1E36A3C9-2F87-407A-B568-EBF336061A06}.Deploy|Any CPU.Build.0 = Debug|Any CPU
		{1E36A3C9-2F87-407A-B568-EBF336061A06}.net40|Any CPU.ActiveCfg = Release|Any CPU
		{1E36A3C9-2F87-407A-B568-EBF336061A06}.net40|Any CPU.Build.0 = Release|Any CPU
		{1E36A3C9-2F87-407A-B568-EBF336061A06}.Release|Any CPU.ActiveCfg = Release|Any CPU
		{1E36A3C9-2F87-407A-B568-EBF336061A06}.Release|Any CPU.Build.0 = Release|Any CPU
		{1E36A3C9-2F87-407A-B568-EBF336061A06}.SandBox|Any CPU.ActiveCfg = Release|Any CPU
		{1E36A3C9-2F87-407A-B568-EBF336061A06}.SandBox|Any CPU.Build.0 = Release|Any CPU
	EndGlobalSection
	GlobalSection(SolutionProperties) = preSolution
		HideSolutionNode = FALSE
	EndGlobalSection
	GlobalSection(NestedProjects) = preSolution
		{E0DB861F-F563-4016-830A-7710F41E2091} = {0BA85EAE-8A25-4B4A-8ACF-553D14C3BAE1}
		{9D405441-66D4-45D0-8832-9E17587BA921} = {1876876D-3CC7-4048-AFA9-AD93D48308F2}
		{1324112A-7929-4246-ABCC-DFE51F755681} = {1876876D-3CC7-4048-AFA9-AD93D48308F2}
		{4C74DAE9-4F4D-4D94-B3CA-783ACEF494F2} = {1876876D-3CC7-4048-AFA9-AD93D48308F2}
		{1E36A3C9-2F87-407A-B568-EBF336061A06} = {0BA85EAE-8A25-4B4A-8ACF-553D14C3BAE1}
	EndGlobalSection
EndGlobal
